// !$*UTF8*$!
{
	archiveVersion = 1;
	classes = {
	};
	objectVersion = 46;
	objects = {

/* Begin PBXBuildFile section */
		F6EE426E194468F000805ADB /* AppDelegate.swift in Sources */ = {isa = PBXBuildFile; fileRef = F6EE426D194468F000805ADB /* AppDelegate.swift */; };
		F6EE4270194468F000805ADB /* SearchResultsViewController.swift in Sources */ = {isa = PBXBuildFile; fileRef = F6EE426F194468F000805ADB /* SearchResultsViewController.swift */; };
		F6EE4273194468F000805ADB /* Main.storyboard in Resources */ = {isa = PBXBuildFile; fileRef = F6EE4271194468F000805ADB /* Main.storyboard */; };
		F6EE4275194468F000805ADB /* Images.xcassets in Resources */ = {isa = PBXBuildFile; fileRef = F6EE4274194468F000805ADB /* Images.xcassets */; };
		F6EE4281194468F000805ADB /* HelloWorldTests.swift in Sources */ = {isa = PBXBuildFile; fileRef = F6EE4280194468F000805ADB /* HelloWorldTests.swift */; };
		F6EE428B1944833F00805ADB /* APIController.swift in Sources */ = {isa = PBXBuildFile; fileRef = F6EE428A1944833F00805ADB /* APIController.swift */; };
/* End PBXBuildFile section */

/* Begin PBXContainerItemProxy section */
		F6EE427B194468F000805ADB /* PBXContainerItemProxy */ = {
			isa = PBXContainerItemProxy;
			containerPortal = F6EE4260194468F000805ADB /* Project object */;
			proxyType = 1;
			remoteGlobalIDString = F6EE4267194468F000805ADB;
			remoteInfo = HelloWorld;
		};
/* End PBXContainerItemProxy section */

/* Begin PBXFileReference section */
		F6EE4268194468F000805ADB /* HelloWorld.app */ = {isa = PBXFileReference; explicitFileType = wrapper.application; includeInIndex = 0; path = HelloWorld.app; sourceTree = BUILT_PRODUCTS_DIR; };
		F6EE426C194468F000805ADB /* Info.plist */ = {isa = PBXFileReference; lastKnownFileType = text.plist.xml; path = Info.plist; sourceTree = "<group>"; };
		F6EE426D194468F000805ADB /* AppDelegate.swift */ = {isa = PBXFileReference; lastKnownFileType = sourcecode.swift; path = AppDelegate.swift; sourceTree = "<group>"; };
		F6EE426F194468F000805ADB /* SearchResultsViewController.swift */ = {isa = PBXFileReference; lastKnownFileType = sourcecode.swift; path = SearchResultsViewController.swift; sourceTree = "<group>"; };
		F6EE4272194468F000805ADB /* Base */ = {isa = PBXFileReference; lastKnownFileType = file.storyboard; name = Base; path = Base.lproj/Main.storyboard; sourceTree = "<group>"; };
		F6EE4274194468F000805ADB /* Images.xcassets */ = {isa = PBXFileReference; lastKnownFileType = folder.assetcatalog; path = Images.xcassets; sourceTree = "<group>"; };
		F6EE427A194468F000805ADB /* HelloWorldTests.xctest */ = {isa = PBXFileReference; explicitFileType = wrapper.cfbundle; includeInIndex = 0; path = HelloWorldTests.xctest; sourceTree = BUILT_PRODUCTS_DIR; };
		F6EE427F194468F000805ADB /* Info.plist */ = {isa = PBXFileReference; lastKnownFileType = text.plist.xml; path = Info.plist; sourceTree = "<group>"; };
		F6EE4280194468F000805ADB /* HelloWorldTests.swift */ = {isa = PBXFileReference; lastKnownFileType = sourcecode.swift; path = HelloWorldTests.swift; sourceTree = "<group>"; };
		F6EE428A1944833F00805ADB /* APIController.swift */ = {isa = PBXFileReference; fileEncoding = 4; lastKnownFileType = sourcecode.swift; path = APIController.swift; sourceTree = "<group>"; };
/* End PBXFileReference section */

/* Begin PBXFrameworksBuildPhase section */
		F6EE4265194468F000805ADB /* Frameworks */ = {
			isa = PBXFrameworksBuildPhase;
			buildActionMask = 2147483647;
			files = (
			);
			runOnlyForDeploymentPostprocessing = 0;
		};
		F6EE4277194468F000805ADB /* Frameworks */ = {
			isa = PBXFrameworksBuildPhase;
			buildActionMask = 2147483647;
			files = (
			);
			runOnlyForDeploymentPostprocessing = 0;
		};
/* End PBXFrameworksBuildPhase section */

/* Begin PBXGroup section */
		F6EE425F194468F000805ADB = {
			isa = PBXGroup;
			children = (
				F6EE426A194468F000805ADB /* HelloWorld */,
				F6EE427D194468F000805ADB /* HelloWorldTests */,
				F6EE4269194468F000805ADB /* Products */,
			);
			sourceTree = "<group>";
		};
		F6EE4269194468F000805ADB /* Products */ = {
			isa = PBXGroup;
			children = (
				F6EE4268194468F000805ADB /* HelloWorld.app */,
				F6EE427A194468F000805ADB /* HelloWorldTests.xctest */,
			);
			name = Products;
			sourceTree = "<group>";
		};
		F6EE426A194468F000805ADB /* HelloWorld */ = {
			isa = PBXGroup;
			children = (
				F6EE426D194468F000805ADB /* AppDelegate.swift */,
				F6EE426F194468F000805ADB /* SearchResultsViewController.swift */,
				F6EE4271194468F000805ADB /* Main.storyboard */,
				F6EE428A1944833F00805ADB /* APIController.swift */,
				F6EE4274194468F000805ADB /* Images.xcassets */,
				F6EE426B194468F000805ADB /* Supporting Files */,
			);
			path = HelloWorld;
			sourceTree = "<group>";
		};
		F6EE426B194468F000805ADB /* Supporting Files */ = {
			isa = PBXGroup;
			children = (
				F6EE426C194468F000805ADB /* Info.plist */,
			);
			name = "Supporting Files";
			sourceTree = "<group>";
		};
		F6EE427D194468F000805ADB /* HelloWorldTests */ = {
			isa = PBXGroup;
			children = (
				F6EE4280194468F000805ADB /* HelloWorldTests.swift */,
				F6EE427E194468F000805ADB /* Supporting Files */,
			);
			path = HelloWorldTests;
			sourceTree = "<group>";
		};
		F6EE427E194468F000805ADB /* Supporting Files */ = {
			isa = PBXGroup;
			children = (
				F6EE427F194468F000805ADB /* Info.plist */,
			);
			name = "Supporting Files";
			sourceTree = "<group>";
		};
/* End PBXGroup section */

/* Begin PBXNativeTarget section */
		F6EE4267194468F000805ADB /* HelloWorld */ = {
			isa = PBXNativeTarget;
			buildConfigurationList = F6EE4284194468F000805ADB /* Build configuration list for PBXNativeTarget "HelloWorld" */;
			buildPhases = (
				F6EE4264194468F000805ADB /* Sources */,
				F6EE4265194468F000805ADB /* Frameworks */,
				F6EE4266194468F000805ADB /* Resources */,
			);
			buildRules = (
			);
			dependencies = (
			);
			name = HelloWorld;
			productName = HelloWorld;
			productReference = F6EE4268194468F000805ADB /* HelloWorld.app */;
			productType = "com.apple.product-type.application";
		};
		F6EE4279194468F000805ADB /* HelloWorldTests */ = {
			isa = PBXNativeTarget;
			buildConfigurationList = F6EE4287194468F000805ADB /* Build configuration list for PBXNativeTarget "HelloWorldTests" */;
			buildPhases = (
				F6EE4276194468F000805ADB /* Sources */,
				F6EE4277194468F000805ADB /* Frameworks */,
				F6EE4278194468F000805ADB /* Resources */,
			);
			buildRules = (
			);
			dependencies = (
				F6EE427C194468F000805ADB /* PBXTargetDependency */,
			);
			name = HelloWorldTests;
			productName = HelloWorldTests;
			productReference = F6EE427A194468F000805ADB /* HelloWorldTests.xctest */;
			productType = "com.apple.product-type.bundle.unit-test";
		};
/* End PBXNativeTarget section */

/* Begin PBXProject section */
		F6EE4260194468F000805ADB /* Project object */ = {
			isa = PBXProject;
			attributes = {
				LastUpgradeCheck = 0600;
				ORGANIZATIONNAME = Dominik;
				TargetAttributes = {
					F6EE4267194468F000805ADB = {
						CreatedOnToolsVersion = 6.0;
					};
					F6EE4279194468F000805ADB = {
						CreatedOnToolsVersion = 6.0;
						TestTargetID = F6EE4267194468F000805ADB;
					};
				};
			};
			buildConfigurationList = F6EE4263194468F000805ADB /* Build configuration list for PBXProject "HelloWorld" */;
			compatibilityVersion = "Xcode 3.2";
			developmentRegion = English;
			hasScannedForEncodings = 0;
			knownRegions = (
				en,
				Base,
			);
			mainGroup = F6EE425F194468F000805ADB;
			productRefGroup = F6EE4269194468F000805ADB /* Products */;
			projectDirPath = "";
			projectRoot = "";
			targets = (
				F6EE4267194468F000805ADB /* HelloWorld */,
				F6EE4279194468F000805ADB /* HelloWorldTests */,
			);
		};
/* End PBXProject section */

/* Begin PBXResourcesBuildPhase section */
		F6EE4266194468F000805ADB /* Resources */ = {
			isa = PBXResourcesBuildPhase;
			buildActionMask = 2147483647;
			files = (
				F6EE4273194468F000805ADB /* Main.storyboard in Resources */,
				F6EE4275194468F000805ADB /* Images.xcassets in Resources */,
			);
			runOnlyForDeploymentPostprocessing = 0;
		};
		F6EE4278194468F000805ADB /* Resources */ = {
			isa = PBXResourcesBuildPhase;
			buildActionMask = 2147483647;
			files = (
			);
			runOnlyForDeploymentPostprocessing = 0;
		};
/* End PBXResourcesBuildPhase section */

/* Begin PBXSourcesBuildPhase section */
		F6EE4264194468F000805ADB /* Sources */ = {
			isa = PBXSourcesBuildPhase;
			buildActionMask = 2147483647;
			files = (
				F6EE4270194468F000805ADB /* SearchResultsViewController.swift in Sources */,
				F6EE426E194468F000805ADB /* AppDelegate.swift in Sources */,
				F6EE428B1944833F00805ADB /* APIController.swift in Sources */,
			);
			runOnlyForDeploymentPostprocessing = 0;
		};
		F6EE4276194468F000805ADB /* Sources */ = {
			isa = PBXSourcesBuildPhase;
			buildActionMask = 2147483647;
			files = (
				F6EE4281194468F000805ADB /* HelloWorldTests.swift in Sources */,
			);
			runOnlyForDeploymentPostprocessing = 0;
		};
/* End PBXSourcesBuildPhase section */

/* Begin PBXTargetDependency section */
		F6EE427C194468F000805ADB /* PBXTargetDependency */ = {
			isa = PBXTargetDependency;
			target = F6EE4267194468F000805ADB /* HelloWorld */;
			targetProxy = F6EE427B194468F000805ADB /* PBXContainerItemProxy */;
		};
/* End PBXTargetDependency section */

/* Begin PBXVariantGroup section */
		F6EE4271194468F000805ADB /* Main.storyboard */ = {
			isa = PBXVariantGroup;
			children = (
				F6EE4272194468F000805ADB /* Base */,
			);
			name = Main.storyboard;
			sourceTree = "<group>";
		};
/* End PBXVariantGroup section */

/* Begin XCBuildConfiguration section */
		F6EE4282194468F000805ADB /* Debug */ = {
			isa = XCBuildConfiguration;
			buildSettings = {
				ALWAYS_SEARCH_USER_PATHS = NO;
				CLANG_CXX_LANGUAGE_STANDARD = "gnu++0x";
				CLANG_CXX_LIBRARY = "libc++";
				CLANG_ENABLE_MODULES = YES;
				CLANG_ENABLE_OBJC_ARC = YES;
				CLANG_WARN_BOOL_CONVERSION = YES;
				CLANG_WARN_CONSTANT_CONVERSION = YES;
				CLANG_WARN_DIRECT_OBJC_ISA_USAGE = YES_ERROR;
				CLANG_WARN_EMPTY_BODY = YES;
				CLANG_WARN_ENUM_CONVERSION = YES;
				CLANG_WARN_INT_CONVERSION = YES;
				CLANG_WARN_OBJC_ROOT_CLASS = YES_ERROR;
				CLANG_WARN_UNREACHABLE_CODE = YES;
				CLANG_WARN__DUPLICATE_METHOD_MATCH = YES;
				"CODE_SIGN_IDENTITY[sdk=iphoneos*]" = "iPhone Developer";
				COPY_PHASE_STRIP = NO;
				ENABLE_STRICT_OBJC_MSGSEND = YES;
				GCC_C_LANGUAGE_STANDARD = gnu99;
				GCC_DYNAMIC_NO_PIC = NO;
				GCC_OPTIMIZATION_LEVEL = 0;
				GCC_PREPROCESSOR_DEFINITIONS = (
					"DEBUG=1",
					"$(inherited)",
				);
				GCC_SYMBOLS_PRIVATE_EXTERN = NO;
				GCC_WARN_64_TO_32_BIT_CONVERSION = YES;
				GCC_WARN_ABOUT_RETURN_TYPE = YES_ERROR;
				GCC_WARN_UNDECLARED_SELECTOR = YES;
				GCC_WARN_UNINITIALIZED_AUTOS = YES_AGGRESSIVE;
				GCC_WARN_UNUSED_FUNCTION = YES;
				GCC_WARN_UNUSED_VARIABLE = YES;
				IPHONEOS_DEPLOYMENT_TARGET = 8.0;
				METAL_ENABLE_DEBUG_INFO = YES;
				ONLY_ACTIVE_ARCH = YES;
				SDKROOT = iphoneos;
				SWIFT_OPTIMIZATION_LEVEL = "-Onone";
			};
			name = Debug;
		};
		F6EE4283194468F000805ADB /* Release */ = {
			isa = XCBuildConfiguration;
			buildSettings = {
				ALWAYS_SEARCH_USER_PATHS = NO;
				CLANG_CXX_LANGUAGE_STANDARD = "gnu++0x";
				CLANG_CXX_LIBRARY = "libc++";
				CLANG_ENABLE_MODULES = YES;
				CLANG_ENABLE_OBJC_ARC = YES;
				CLANG_WARN_BOOL_CONVERSION = YES;
				CLANG_WARN_CONSTANT_CONVERSION = YES;
				CLANG_WARN_DIRECT_OBJC_ISA_USAGE = YES_ERROR;
				CLANG_WARN_EMPTY_BODY = YES;
				CLANG_WARN_ENUM_CONVERSION = YES;
				CLANG_WARN_INT_CONVERSION = YES;
				CLANG_WARN_OBJC_ROOT_CLASS = YES_ERROR;
				CLANG_WARN_UNREACHABLE_CODE = YES;
				CLANG_WARN__DUPLICATE_METHOD_MATCH = YES;
				"CODE_SIGN_IDENTITY[sdk=iphoneos*]" = "iPhone Developer";
				COPY_PHASE_STRIP = YES;
				ENABLE_NS_ASSERTIONS = NO;
				ENABLE_STRICT_OBJC_MSGSEND = YES;
				GCC_C_LANGUAGE_STANDARD = gnu99;
				GCC_WARN_64_TO_32_BIT_CONVERSION = YES;
				GCC_WARN_ABOUT_RETURN_TYPE = YES_ERROR;
				GCC_WARN_UNDECLARED_SELECTOR = YES;
				GCC_WARN_UNINITIALIZED_AUTOS = YES_AGGRESSIVE;
				GCC_WARN_UNUSED_FUNCTION = YES;
				GCC_WARN_UNUSED_VARIABLE = YES;
				IPHONEOS_DEPLOYMENT_TARGET = 8.0;
				METAL_ENABLE_DEBUG_INFO = NO;
				SDKROOT = iphoneos;
				VALIDATE_PRODUCT = YES;
			};
			name = Release;
		};
		F6EE4285194468F000805ADB /* Debug */ = {
			isa = XCBuildConfiguration;
			buildSettings = {
				ASSETCATALOG_COMPILER_APPICON_NAME = AppIcon;
				ASSETCATALOG_COMPILER_LAUNCHIMAGE_NAME = LaunchImage;
				INFOPLIST_FILE = HelloWorld/Info.plist;
				LD_RUNPATH_SEARCH_PATHS = "$(inherited) @executable_path/Frameworks";
				PRODUCT_NAME = "$(TARGET_NAME)";
			};
			name = Debug;
		};
		F6EE4286194468F000805ADB /* Release */ = {
			isa = XCBuildConfiguration;
			buildSettings = {
				ASSETCATALOG_COMPILER_APPICON_NAME = AppIcon;
				ASSETCATALOG_COMPILER_LAUNCHIMAGE_NAME = LaunchImage;
				INFOPLIST_FILE = HelloWorld/Info.plist;
				LD_RUNPATH_SEARCH_PATHS = "$(inherited) @executable_path/Frameworks";
				PRODUCT_NAME = "$(TARGET_NAME)";
			};
			name = Release;
		};
		F6EE4288194468F000805ADB /* Debug */ = {
			isa = XCBuildConfiguration;
			buildSettings = {
				BUNDLE_LOADER = "$(BUILT_PRODUCTS_DIR)/HelloWorld.app/HelloWorld";
				FRAMEWORK_SEARCH_PATHS = (
					"$(SDKROOT)/Developer/Library/Frameworks",
					"$(inherited)",
				);
				GCC_PREPROCESSOR_DEFINITIONS = (
					"DEBUG=1",
					"$(inherited)",
				);
				INFOPLIST_FILE = HelloWorldTests/Info.plist;
				LD_RUNPATH_SEARCH_PATHS = "$(inherited) @executable_path/Frameworks @loader_path/Frameworks";
				METAL_ENABLE_DEBUG_INFO = YES;
				PRODUCT_NAME = "$(TARGET_NAME)";
				TEST_HOST = "$(BUNDLE_LOADER)";
			};
			name = Debug;
		};
		F6EE4289194468F000805ADB /* Release */ = {
			isa = XCBuildConfiguration;
			buildSettings = {
				BUNDLE_LOADER = "$(BUILT_PRODUCTS_DIR)/HelloWorld.app/HelloWorld";
				FRAMEWORK_SEARCH_PATHS = (
					"$(SDKROOT)/Developer/Library/Frameworks",
					"$(inherited)",
				);
				INFOPLIST_FILE = HelloWorldTests/Info.plist;
				LD_RUNPATH_SEARCH_PATHS = "$(inherited) @executable_path/Frameworks @loader_path/Frameworks";
				METAL_ENABLE_DEBUG_INFO = NO;
				PRODUCT_NAME = "$(TARGET_NAME)";
				TEST_HOST = "$(BUNDLE_LOADER)";
			};
			name = Release;
		};
/* End XCBuildConfiguration section */

/* Begin XCConfigurationList section */
		F6EE4263194468F000805ADB /* Build configuration list for PBXProject "HelloWorld" */ = {
			isa = XCConfigurationList;
			buildConfigurations = (
				F6EE4282194468F000805ADB /* Debug */,
				F6EE4283194468F000805ADB /* Release */,
			);
			defaultConfigurationIsVisible = 0;
			defaultConfigurationName = Release;
		};
		F6EE4284194468F000805ADB /* Build configuration list for PBXNativeTarget "HelloWorld" */ = {
			isa = XCConfigurationList;
			buildConfigurations = (
				F6EE4285194468F000805ADB /* Debug */,
				F6EE4286194468F000805ADB /* Release */,
			);
			defaultConfigurationIsVisible = 0;
		};
		F6EE4287194468F000805ADB /* Build configuration list for PBXNativeTarget "HelloWorldTests" */ = {
			isa = XCConfigurationList;
			buildConfigurations = (
				F6EE4288194468F000805ADB /* Debug */,
				F6EE4289194468F000805ADB /* Release */,
			);
			defaultConfigurationIsVisible = 0;
		};
/* End XCConfigurationList section */
	};
	rootObject = F6EE4260194468F000805ADB /* Project object */;
}
